{
  "name": "vue-music",
  "version": "1.0.0",
  "lockfileVersion": 1,
  "dependencies": {
    "axios": {
      "version": "0.16.2",
      "resolved": "http://registry.npm.taobao.org/axios/download/axios-0.16.2.tgz",
      "dependencies": {
        "follow-redirects": {
          "version": "1.2.3",
          "resolved": "http://registry.npm.taobao.org/follow-redirects/download/follow-redirects-1.2.3.tgz",
          "dependencies": {
            "debug": {
              "version": "2.6.8",
              "resolved": "http://registry.npm.taobao.org/debug/download/debug-2.6.8.tgz",
              "dependencies": {
                "ms": {
                  "version": "2.0.0",
                  "resolved": "http://registry.npm.taobao.org/ms/download/ms-2.0.0.tgz"
                }
              }
            }
          }
        },
        "is-buffer": {
          "version": "1.1.5",
          "resolved": "http://registry.npm.taobao.org/is-buffer/download/is-buffer-1.1.5.tgz"
        }
      }
    },
    "vue-lazyload": {
      "version": "1.0.4",
      "resolved": "http://registry.npm.taobao.org/vue-lazyload/download/vue-lazyload-1.0.4.tgz"
    },
    "vuex": {
      "version": "2.3.1",
      "resolved": "http://registry.npm.taobao.org/vuex/download/vuex-2.3.1.tgz",
      "integrity": "sha1-zejpl8H5lXcZvH3qFU+appHZgaY="
    }
  }
}
